// !$*UTF8*$!
{
	archiveVersion = 1;
	classes = {
	};
	objectVersion = 46;
	objects = {

/* Begin PBXBuildFile section */
		0F4C6FFA1E294D07005363C5 /* FlowersTableView.swift in Sources */ = {isa = PBXBuildFile; fileRef = 0F4C6FF81E294D07005363C5 /* FlowersTableView.swift */; };
		0F4C6FFB1E294D07005363C5 /* Page2ViewController.swift in Sources */ = {isa = PBXBuildFile; fileRef = 0F4C6FF91E294D07005363C5 /* Page2ViewController.swift */; };
		0F4C6FFD1E294DEA005363C5 /* Page1ViewController.swift in Sources */ = {isa = PBXBuildFile; fileRef = 0F4C6FFC1E294DEA005363C5 /* Page1ViewController.swift */; };
		0F4C70001E295821005363C5 /* FlowerModel.swift in Sources */ = {isa = PBXBuildFile; fileRef = 0F4C6FFF1E295821005363C5 /* FlowerModel.swift */; };
		A8229C661E29209D00BEBEF3 /* AppDelegate.swift in Sources */ = {isa = PBXBuildFile; fileRef = A8229C651E29209D00BEBEF3 /* AppDelegate.swift */; };
		A8229C681E29209D00BEBEF3 /* ViewController.swift in Sources */ = {isa = PBXBuildFile; fileRef = A8229C671E29209D00BEBEF3 /* ViewController.swift */; };
		A8229C6B1E29209D00BEBEF3 /* Main.storyboard in Resources */ = {isa = PBXBuildFile; fileRef = A8229C691E29209D00BEBEF3 /* Main.storyboard */; };
		A8229C6D1E29209D00BEBEF3 /* Assets.xcassets in Resources */ = {isa = PBXBuildFile; fileRef = A8229C6C1E29209D00BEBEF3 /* Assets.xcassets */; };
		A8229C701E29209D00BEBEF3 /* LaunchScreen.storyboard in Resources */ = {isa = PBXBuildFile; fileRef = A8229C6E1E29209D00BEBEF3 /* LaunchScreen.storyboard */; };
/* End PBXBuildFile section */

/* Begin PBXFileReference section */
		0F4C6FF81E294D07005363C5 /* FlowersTableView.swift */ = {isa = PBXFileReference; fileEncoding = 4; lastKnownFileType = sourcecode.swift; path = FlowersTableView.swift; sourceTree = "<group>"; };
		0F4C6FF91E294D07005363C5 /* Page2ViewController.swift */ = {isa = PBXFileReference; fileEncoding = 4; lastKnownFileType = sourcecode.swift; path = Page2ViewController.swift; sourceTree = "<group>"; };
		0F4C6FFC1E294DEA005363C5 /* Page1ViewController.swift */ = {isa = PBXFileReference; fileEncoding = 4; lastKnownFileType = sourcecode.swift; path = Page1ViewController.swift; sourceTree = "<group>"; };
		0F4C6FFF1E295821005363C5 /* FlowerModel.swift */ = {isa = PBXFileReference; fileEncoding = 4; lastKnownFileType = sourcecode.swift; path = FlowerModel.swift; sourceTree = "<group>"; };
		A8229C621E29209D00BEBEF3 /* ProtocolOriented.app */ = {isa = PBXFileReference; explicitFileType = wrapper.application; includeInIndex = 0; path = ProtocolOriented.app; sourceTree = BUILT_PRODUCTS_DIR; };
		A8229C651E29209D00BEBEF3 /* AppDelegate.swift */ = {isa = PBXFileReference; lastKnownFileType = sourcecode.swift; path = AppDelegate.swift; sourceTree = "<group>"; };
		A8229C671E29209D00BEBEF3 /* ViewController.swift */ = {isa = PBXFileReference; lastKnownFileType = sourcecode.swift; path = ViewController.swift; sourceTree = "<group>"; };
		A8229C6A1E29209D00BEBEF3 /* Base */ = {isa = PBXFileReference; lastKnownFileType = file.storyboard; name = Base; path = Base.lproj/Main.storyboard; sourceTree = "<group>"; };
		A8229C6C1E29209D00BEBEF3 /* Assets.xcassets */ = {isa = PBXFileReference; lastKnownFileType = folder.assetcatalog; path = Assets.xcassets; sourceTree = "<group>"; };
		A8229C6F1E29209D00BEBEF3 /* Base */ = {isa = PBXFileReference; lastKnownFileType = file.storyboard; name = Base; path = Base.lproj/LaunchScreen.storyboard; sourceTree = "<group>"; };
		A8229C711E29209D00BEBEF3 /* Info.plist */ = {isa = PBXFileReference; lastKnownFileType = text.plist.xml; path = Info.plist; sourceTree = "<group>"; };
/* End PBXFileReference section */

/* Begin PBXFrameworksBuildPhase section */
		A8229C5F1E29209D00BEBEF3 /* Frameworks */ = {
			isa = PBXFrameworksBuildPhase;
			buildActionMask = 2147483647;
			files = (
			);
			runOnlyForDeploymentPostprocessing = 0;
		};
/* End PBXFrameworksBuildPhase section */

/* Begin PBXGroup section */
		0F4C6FF71E294D07005363C5 /* Page2 */ = {
			isa = PBXGroup;
			children = (
				0F4C6FF81E294D07005363C5 /* FlowersTableView.swift */,
				0F4C6FF91E294D07005363C5 /* Page2ViewController.swift */,
			);
			path = Page2;
			sourceTree = "<group>";
		};
		0F4C6FFE1E295817005363C5 /* Model */ = {
			isa = PBXGroup;
			children = (
				0F4C6FFF1E295821005363C5 /* FlowerModel.swift */,
			);
			path = Model;
			sourceTree = "<group>";
		};
		A8229C591E29209D00BEBEF3 = {
			isa = PBXGroup;
			children = (
				A8229C641E29209D00BEBEF3 /* ProtocolOriented */,
				A8229C7D1E292EAD00BEBEF3 /* Supporting Files */,
				A8229C631E29209D00BEBEF3 /* Products */,
			);
			sourceTree = "<group>";
		};
		A8229C631E29209D00BEBEF3 /* Products */ = {
			isa = PBXGroup;
			children = (
				A8229C621E29209D00BEBEF3 /* ProtocolOriented.app */,
			);
			name = Products;
			sourceTree = "<group>";
		};
		A8229C641E29209D00BEBEF3 /* ProtocolOriented */ = {
			isa = PBXGroup;
			children = (
				A8229C671E29209D00BEBEF3 /* ViewController.swift */,
				A8229C691E29209D00BEBEF3 /* Main.storyboard */,
				0F4C6FFE1E295817005363C5 /* Model */,
				A8229C7B1E292E8600BEBEF3 /* Page1 */,
				0F4C6FF71E294D07005363C5 /* Page2 */,
			);
			path = ProtocolOriented;
			sourceTree = "<group>";
		};
		A8229C7B1E292E8600BEBEF3 /* Page1 */ = {
			isa = PBXGroup;
			children = (
				0F4C6FFC1E294DEA005363C5 /* Page1ViewController.swift */,
			);
			path = Page1;
			sourceTree = "<group>";
		};
		A8229C7D1E292EAD00BEBEF3 /* Supporting Files */ = {
			isa = PBXGroup;
			children = (
				A8229C651E29209D00BEBEF3 /* AppDelegate.swift */,
				A8229C6C1E29209D00BEBEF3 /* Assets.xcassets */,
				A8229C6E1E29209D00BEBEF3 /* LaunchScreen.storyboard */,
				A8229C711E29209D00BEBEF3 /* Info.plist */,
			);
			name = "Supporting Files";
			path = ProtocolOriented;
			sourceTree = "<group>";
		};
/* End PBXGroup section */

/* Begin PBXNativeTarget section */
		A8229C611E29209D00BEBEF3 /* ProtocolOriented */ = {
			isa = PBXNativeTarget;
			buildConfigurationList = A8229C741E29209D00BEBEF3 /* Build configuration list for PBXNativeTarget "ProtocolOriented" */;
			buildPhases = (
				A8229C5E1E29209D00BEBEF3 /* Sources */,
				A8229C5F1E29209D00BEBEF3 /* Frameworks */,
				A8229C601E29209D00BEBEF3 /* Resources */,
			);
			buildRules = (
			);
			dependencies = (
			);
			name = ProtocolOriented;
			productName = ProtocolOriented;
			productReference = A8229C621E29209D00BEBEF3 /* ProtocolOriented.app */;
			productType = "com.apple.product-type.application";
		};
/* End PBXNativeTarget section */

/* Begin PBXProject section */
		A8229C5A1E29209D00BEBEF3 /* Project object */ = {
			isa = PBXProject;
			attributes = {
				LastSwiftUpdateCheck = 0820;
				LastUpgradeCheck = 1010;
				ORGANIZATIONNAME = 7renk;
				TargetAttributes = {
					A8229C611E29209D00BEBEF3 = {
						CreatedOnToolsVersion = 8.2.1;
						DevelopmentTeam = 78EK3V2758;
						LastSwiftMigration = 1010;
						ProvisioningStyle = Automatic;
					};
				};
			};
			buildConfigurationList = A8229C5D1E29209D00BEBEF3 /* Build configuration list for PBXProject "ProtocolOriented" */;
			compatibilityVersion = "Xcode 3.2";
			developmentRegion = English;
			hasScannedForEncodings = 0;
			knownRegions = (
				en,
				Base,
			);
			mainGroup = A8229C591E29209D00BEBEF3;
			productRefGroup = A8229C631E29209D00BEBEF3 /* Products */;
			projectDirPath = "";
			projectRoot = "";
			targets = (
				A8229C611E29209D00BEBEF3 /* ProtocolOriented */,
			);
		};
/* End PBXProject section */

/* Begin PBXResourcesBuildPhase section */
		A8229C601E29209D00BEBEF3 /* Resources */ = {
			isa = PBXResourcesBuildPhase;
			buildActionMask = 2147483647;
			files = (
				A8229C701E29209D00BEBEF3 /* LaunchScreen.storyboard in Resources */,
				A8229C6D1E29209D00BEBEF3 /* Assets.xcassets in Resources */,
				A8229C6B1E29209D00BEBEF3 /* Main.storyboard in Resources */,
			);
			runOnlyForDeploymentPostprocessing = 0;
		};
/* End PBXResourcesBuildPhase section */

/* Begin PBXSourcesBuildPhase section */
		A8229C5E1E29209D00BEBEF3 /* Sources */ = {
			isa = PBXSourcesBuildPhase;
			buildActionMask = 2147483647;
			files = (
				A8229C681E29209D00BEBEF3 /* ViewController.swift in Sources */,
				0F4C70001E295821005363C5 /* FlowerModel.swift in Sources */,
				A8229C661E29209D00BEBEF3 /* AppDelegate.swift in Sources */,
				0F4C6FFA1E294D07005363C5 /* FlowersTableView.swift in Sources */,
				0F4C6FFD1E294DEA005363C5 /* Page1ViewController.swift in Sources */,
				0F4C6FFB1E294D07005363C5 /* Page2ViewController.swift in Sources */,
			);
			runOnlyForDeploymentPostprocessing = 0;
		};
/* End PBXSourcesBuildPhase section */

/* Begin PBXVariantGroup section */
		A8229C691E29209D00BEBEF3 /* Main.storyboard */ = {
			isa = PBXVariantGroup;
			children = (
				A8229C6A1E29209D00BEBEF3 /* Base */,
			);
			name = Main.storyboard;
			sourceTree = "<group>";
		};
		A8229C6E1E29209D00BEBEF3 /* LaunchScreen.storyboard */ = {
			isa = PBXVariantGroup;
			children = (
				A8229C6F1E29209D00BEBEF3 /* Base */,
			);
			name = LaunchScreen.storyboard;
			sourceTree = "<group>";
		};
/* End PBXVariantGroup section */

/* Begin XCBuildConfiguration section */
		A8229C721E29209D00BEBEF3 /* Debug */ = {
			isa = XCBuildConfiguration;
			buildSettings = {
				ALWAYS_SEARCH_USER_PATHS = NO;
				CLANG_ANALYZER_NONNULL = YES;
				CLANG_CXX_LANGUAGE_STANDARD = "gnu++0x";
				CLANG_CXX_LIBRARY = "libc++";
				CLANG_ENABLE_MODULES = YES;
				CLANG_ENABLE_OBJC_ARC = YES;
				CLANG_WARN_BLOCK_CAPTURE_AUTORELEASING = YES;
				CLANG_WARN_BOOL_CONVERSION = YES;
				CLANG_WARN_COMMA = YES;
				CLANG_WARN_CONSTANT_CONVERSION = YES;
				CLANG_WARN_DEPRECATED_OBJC_IMPLEMENTATIONS = YES;
				CLANG_WARN_DIRECT_OBJC_ISA_USAGE = YES_ERROR;
				CLANG_WARN_DOCUMENTATION_COMMENTS = YES;
				CLANG_WARN_EMPTY_BODY = YES;
				CLANG_WARN_ENUM_CONVERSION = YES;
				CLANG_WARN_INFINITE_RECURSION = YES;
				CLANG_WARN_INT_CONVERSION = YES;
				CLANG_WARN_NON_LITERAL_NULL_CONVERSION = YES;
				CLANG_WARN_OBJC_IMPLICIT_RETAIN_SELF = YES;
				CLANG_WARN_OBJC_LITERAL_CONVERSION = YES;
				CLANG_WARN_OBJC_ROOT_CLASS = YES_ERROR;
				CLANG_WARN_RANGE_LOOP_ANALYSIS = YES;
				CLANG_WARN_STRICT_PROTOTYPES = YES;
				CLANG_WARN_SUSPICIOUS_MOVE = YES;
				CLANG_WARN_UNREACHABLE_CODE = YES;
				CLANG_WARN__DUPLICATE_METHOD_MATCH = YES;
				"CODE_SIGN_IDENTITY[sdk=iphoneos*]" = "iPhone Developer";
				COPY_PHASE_STRIP = NO;
				DEBUG_INFORMATION_FORMAT = dwarf;
				ENABLE_STRICT_OBJC_MSGSEND = YES;
				ENABLE_TESTABILITY = YES;
				GCC_C_LANGUAGE_STANDARD = gnu99;
				GCC_DYNAMIC_NO_PIC = NO;
				GCC_NO_COMMON_BLOCKS = YES;
				GCC_OPTIMIZATION_LEVEL = 0;
				GCC_PREPROCESSOR_DEFINITIONS = (
					"DEBUG=1",
					"$(inherited)",
				);
				GCC_WARN_64_TO_32_BIT_CONVERSION = YES;
				GCC_WARN_ABOUT_RETURN_TYPE = YES_ERROR;
				GCC_WARN_UNDECLARED_SELECTOR = YES;
				GCC_WARN_UNINITIALIZED_AUTOS = YES_AGGRESSIVE;
				GCC_WARN_UNUSED_FUNCTION = YES;
				GCC_WARN_UNUSED_VARIABLE = YES;
				IPHONEOS_DEPLOYMENT_TARGET = 12.1;
				MTL_ENABLE_DEBUG_INFO = YES;
				ONLY_ACTIVE_ARCH = YES;
				SDKROOT = iphoneos;
				SWIFT_ACTIVE_COMPILATION_CONDITIONS = DEBUG;
				SWIFT_OPTIMIZATION_LEVEL = "-Onone";
			};
			name = Debug;
		};
		A8229C731E29209D00BEBEF3 /* Release */ = {
			isa = XCBuildConfiguration;
			buildSettings = {
				ALWAYS_SEARCH_USER_PATHS = NO;
				CLANG_ANALYZER_NONNULL = YES;
				CLANG_CXX_LANGUAGE_STANDARD = "gnu++0x";
				CLANG_CXX_LIBRARY = "libc++";
				CLANG_ENABLE_MODULES = YES;
				CLANG_ENABLE_OBJC_ARC = YES;
				CLANG_WARN_BLOCK_CAPTURE_AUTORELEASING = YES;
				CLANG_WARN_BOOL_CONVERSION = YES;
				CLANG_WARN_COMMA = YES;
				CLANG_WARN_CONSTANT_CONVERSION = YES;
				CLANG_WARN_DEPRECATED_OBJC_IMPLEMENTATIONS = YES;
				CLANG_WARN_DIRECT_OBJC_ISA_USAGE = YES_ERROR;
				CLANG_WARN_DOCUMENTATION_COMMENTS = YES;
				CLANG_WARN_EMPTY_BODY = YES;
				CLANG_WARN_ENUM_CONVERSION = YES;
				CLANG_WARN_INFINITE_RECURSION = YES;
				CLANG_WARN_INT_CONVERSION = YES;
				CLANG_WARN_NON_LITERAL_NULL_CONVERSION = YES;
				CLANG_WARN_OBJC_IMPLICIT_RETAIN_SELF = YES;
				CLANG_WARN_OBJC_LITERAL_CONVERSION = YES;
				CLANG_WARN_OBJC_ROOT_CLASS = YES_ERROR;
				CLANG_WARN_RANGE_LOOP_ANALYSIS = YES;
				CLANG_WARN_STRICT_PROTOTYPES = YES;
				CLANG_WARN_SUSPICIOUS_MOVE = YES;
				CLANG_WARN_UNREACHABLE_CODE = YES;
				CLANG_WARN__DUPLICATE_METHOD_MATCH = YES;
				"CODE_SIGN_IDENTITY[sdk=iphoneos*]" = "iPhone Developer";
				COPY_PHASE_STRIP = NO;
				DEBUG_INFORMATION_FORMAT = "dwarf-with-dsym";
				ENABLE_NS_ASSERTIONS = NO;
				ENABLE_STRICT_OBJC_MSGSEND = YES;
				GCC_C_LANGUAGE_STANDARD = gnu99;
				GCC_NO_COMMON_BLOCKS = YES;
				GCC_WARN_64_TO_32_BIT_CONVERSION = YES;
				GCC_WARN_ABOUT_RETURN_TYPE = YES_ERROR;
				GCC_WARN_UNDECLARED_SELECTOR = YES;
				GCC_WARN_UNINITIALIZED_AUTOS = YES_AGGRESSIVE;
				GCC_WARN_UNUSED_FUNCTION = YES;
				GCC_WARN_UNUSED_VARIABLE = YES;
				IPHONEOS_DEPLOYMENT_TARGET = 12.1;
				MTL_ENABLE_DEBUG_INFO = NO;
				SDKROOT = iphoneos;
				SWIFT_OPTIMIZATION_LEVEL = "-Owholemodule";
				VALIDATE_PRODUCT = YES;
			};
			name = Release;
		};
		A8229C751E29209D00BEBEF3 /* Debug */ = {
			isa = XCBuildConfiguration;
			buildSettings = {
				ASSETCATALOG_COMPILER_APPICON_NAME = AppIcon;
				CODE_SIGN_IDENTITY = "iPhone Developer";
				CODE_SIGN_STYLE = Automatic;
				DEVELOPMENT_TEAM = 78EK3V2758;
				INFOPLIST_FILE = ProtocolOriented/Info.plist;
				IPHONEOS_DEPLOYMENT_TARGET = 12.1;
				LD_RUNPATH_SEARCH_PATHS = "$(inherited) @executable_path/Frameworks";
				PRODUCT_BUNDLE_IDENTIFIER = com.7renk.ProtocolOriented;
				PRODUCT_NAME = "$(TARGET_NAME)";
				PROVISIONING_PROFILE_SPECIFIER = "";
				SWIFT_SWIFT3_OBJC_INFERENCE = On;
				SWIFT_VERSION = 4.2;
			};
			name = Debug;
		};
		A8229C761E29209D00BEBEF3 /* Release */ = {
			isa = XCBuildConfiguration;
			buildSettings = {
				ASSETCATALOG_COMPILER_APPICON_NAME = AppIcon;
				CODE_SIGN_IDENTITY = "iPhone Developer";
				CODE_SIGN_STYLE = Automatic;
				DEVELOPMENT_TEAM = 78EK3V2758;
				INFOPLIST_FILE = ProtocolOriented/Info.plist;
				IPHONEOS_DEPLOYMENT_TARGET = 12.1;
				LD_RUNPATH_SEARCH_PATHS = "$(inherited) @executable_path/Frameworks";
				PRODUCT_BUNDLE_IDENTIFIER = com.7renk.ProtocolOriented;
				PRODUCT_NAME = "$(TARGET_NAME)";
				PROVISIONING_PROFILE_SPECIFIER = "";
				SWIFT_SWIFT3_OBJC_INFERENCE = On;
				SWIFT_VERSION = 4.2;
			};
			name = Release;
		};
/* End XCBuildConfiguration section */

/* Begin XCConfigurationList section */
		A8229C5D1E29209D00BEBEF3 /* Build configuration list for PBXProject "ProtocolOriented" */ = {
			isa = XCConfigurationList;
			buildConfigurations = (
				A8229C721E29209D00BEBEF3 /* Debug */,
				A8229C731E29209D00BEBEF3 /* Release */,
			);
			defaultConfigurationIsVisible = 0;
			defaultConfigurationName = Release;
		};
		A8229C741E29209D00BEBEF3 /* Build configuration list for PBXNativeTarget "ProtocolOriented" */ = {
			isa = XCConfigurationList;
			buildConfigurations = (
				A8229C751E29209D00BEBEF3 /* Debug */,
				A8229C761E29209D00BEBEF3 /* Release */,
			);
			defaultConfigurationIsVisible = 0;
			defaultConfigurationName = Release;
		};
/* End XCConfigurationList section */
	};
	rootObject = A8229C5A1E29209D00BEBEF3 /* Project object */;
}
